version = 1
revision = 3
requires-python = ">=3.12"

[[package]]
name = "airportsdata"
version = "20260208"
source = { registry = "https://pypi.org/simple" }
sdist = { url = "https://files.pythonhosted.org/packages/73/2e/6f95fbf07db5720823a4de339a36e9db38f61d72bc7ee211febcb0af32da/airportsdata-20260208.tar.gz", hash = "sha256:9e015d1050003fbda5e98efe90a6a9af0cc3a019fd63ed97cbe9aaac867f4164", size = 931915, upload-time = "2026-02-08T14:07:40.54Z" }
wheels = [
    { url = "https://files.pythonhosted.org/packages/85/a9/fc386c49c890c63733e458358c8d563dd92044fc329b247a57df12d5345a/airportsdata-20260208-py3-none-any.whl", hash = "sha256:1d2c0f62970dab5e169dd41c7a58acb7ab507182fa5114b48ce1a494983e01f5", size = 934763, upload-time = "2026-02-08T14:07:38.087Z" },
]

[[package]]
name = "simple-website"
version = "0.1.0"
source = { virtual = "." }
dependencies = [
    { name = "airportsdata" },
]

[package.metadata]
requires-dist = [{ name = "airportsdata", specifier = ">=20260208" }]
